// !$*UTF8*$!
{
	archiveVersion = 1;
	classes = {
	};
	objectVersion = 46;
	objects = {

/* Begin PBXBuildFile section */
		22667C5318D9A4AF00588ACD /* Foundation.framework in Frameworks */ = {isa = PBXBuildFile; fileRef = 22667C5218D9A4AF00588ACD /* Foundation.framework */; };
		22667C5518D9A4AF00588ACD /* CoreGraphics.framework in Frameworks */ = {isa = PBXBuildFile; fileRef = 22667C5418D9A4AF00588ACD /* CoreGraphics.framework */; };
		22667C5718D9A4AF00588ACD /* UIKit.framework in Frameworks */ = {isa = PBXBuildFile; fileRef = 22667C5618D9A4AF00588ACD /* UIKit.framework */; };
		22667C5918D9A4AF00588ACD /* CoreData.framework in Frameworks */ = {isa = PBXBuildFile; fileRef = 22667C5818D9A4AF00588ACD /* CoreData.framework */; };
		22667C5F18D9A4AF00588ACD /* InfoPlist.strings in Resources */ = {isa = PBXBuildFile; fileRef = 22667C5D18D9A4AF00588ACD /* InfoPlist.strings */; };
		22667C6118D9A4AF00588ACD /* main.m in Sources */ = {isa = PBXBuildFile; fileRef = 22667C6018D9A4AF00588ACD /* main.m */; };
		22667C6518D9A4AF00588ACD /* AppDelegate.m in Sources */ = {isa = PBXBuildFile; fileRef = 22667C6418D9A4AF00588ACD /* AppDelegate.m */; };
		22667C6818D9A4AF00588ACD /* Main.storyboard in Resources */ = {isa = PBXBuildFile; fileRef = 22667C6618D9A4AF00588ACD /* Main.storyboard */; };
		22667C6B18D9A4AF00588ACD /* ControllingSource.xcdatamodeld in Sources */ = {isa = PBXBuildFile; fileRef = 22667C6918D9A4AF00588ACD /* ControllingSource.xcdatamodeld */; };
		22667C6E18D9A4AF00588ACD /* MasterViewController.m in Sources */ = {isa = PBXBuildFile; fileRef = 22667C6D18D9A4AF00588ACD /* MasterViewController.m */; };
		22667C7118D9A4AF00588ACD /* DetailViewController.m in Sources */ = {isa = PBXBuildFile; fileRef = 22667C7018D9A4AF00588ACD /* DetailViewController.m */; };
		22667C7318D9A4AF00588ACD /* Images.xcassets in Resources */ = {isa = PBXBuildFile; fileRef = 22667C7218D9A4AF00588ACD /* Images.xcassets */; };
		22667C7A18D9A4AF00588ACD /* XCTest.framework in Frameworks */ = {isa = PBXBuildFile; fileRef = 22667C7918D9A4AF00588ACD /* XCTest.framework */; };
		22667C7B18D9A4AF00588ACD /* Foundation.framework in Frameworks */ = {isa = PBXBuildFile; fileRef = 22667C5218D9A4AF00588ACD /* Foundation.framework */; };
		22667C7C18D9A4AF00588ACD /* UIKit.framework in Frameworks */ = {isa = PBXBuildFile; fileRef = 22667C5618D9A4AF00588ACD /* UIKit.framework */; };
		22667C7D18D9A4AF00588ACD /* CoreData.framework in Frameworks */ = {isa = PBXBuildFile; fileRef = 22667C5818D9A4AF00588ACD /* CoreData.framework */; };
		22667C8518D9A4AF00588ACD /* InfoPlist.strings in Resources */ = {isa = PBXBuildFile; fileRef = 22667C8318D9A4AF00588ACD /* InfoPlist.strings */; };
		22667C8718D9A4AF00588ACD /* ControllingSourceTests.m in Sources */ = {isa = PBXBuildFile; fileRef = 22667C8618D9A4AF00588ACD /* ControllingSourceTests.m */; };
/* End PBXBuildFile section */

/* Begin PBXContainerItemProxy section */
		22667C7E18D9A4AF00588ACD /* PBXContainerItemProxy */ = {
			isa = PBXContainerItemProxy;
			containerPortal = 22667C4718D9A4AF00588ACD /* Project object */;
			proxyType = 1;
			remoteGlobalIDString = 22667C4E18D9A4AF00588ACD;
			remoteInfo = ControllingSource;
		};
/* End PBXContainerItemProxy section */

/* Begin PBXFileReference section */
		22667C4F18D9A4AF00588ACD /* ControllingSource.app */ = {isa = PBXFileReference; explicitFileType = wrapper.application; includeInIndex = 0; path = ControllingSource.app; sourceTree = BUILT_PRODUCTS_DIR; };
		22667C5218D9A4AF00588ACD /* Foundation.framework */ = {isa = PBXFileReference; lastKnownFileType = wrapper.framework; name = Foundation.framework; path = System/Library/Frameworks/Foundation.framework; sourceTree = SDKROOT; };
		22667C5418D9A4AF00588ACD /* CoreGraphics.framework */ = {isa = PBXFileReference; lastKnownFileType = wrapper.framework; name = CoreGraphics.framework; path = System/Library/Frameworks/CoreGraphics.framework; sourceTree = SDKROOT; };
		22667C5618D9A4AF00588ACD /* UIKit.framework */ = {isa = PBXFileReference; lastKnownFileType = wrapper.framework; name = UIKit.framework; path = System/Library/Frameworks/UIKit.framework; sourceTree = SDKROOT; };
		22667C5818D9A4AF00588ACD /* CoreData.framework */ = {isa = PBXFileReference; lastKnownFileType = wrapper.framework; name = CoreData.framework; path = System/Library/Frameworks/CoreData.framework; sourceTree = SDKROOT; };
		22667C5C18D9A4AF00588ACD /* ControllingSource-Info.plist */ = {isa = PBXFileReference; lastKnownFileType = text.plist.xml; path = "ControllingSource-Info.plist"; sourceTree = "<group>"; };
		22667C5E18D9A4AF00588ACD /* en */ = {isa = PBXFileReference; lastKnownFileType = text.plist.strings; name = en; path = en.lproj/InfoPlist.strings; sourceTree = "<group>"; };
		22667C6018D9A4AF00588ACD /* main.m */ = {isa = PBXFileReference; lastKnownFileType = sourcecode.c.objc; path = main.m; sourceTree = "<group>"; };
		22667C6218D9A4AF00588ACD /* ControllingSource-Prefix.pch */ = {isa = PBXFileReference; lastKnownFileType = sourcecode.c.h; path = "ControllingSource-Prefix.pch"; sourceTree = "<group>"; };
		22667C6318D9A4AF00588ACD /* AppDelegate.h */ = {isa = PBXFileReference; lastKnownFileType = sourcecode.c.h; path = AppDelegate.h; sourceTree = "<group>"; };
		22667C6418D9A4AF00588ACD /* AppDelegate.m */ = {isa = PBXFileReference; lastKnownFileType = sourcecode.c.objc; path = AppDelegate.m; sourceTree = "<group>"; };
		22667C6718D9A4AF00588ACD /* Base */ = {isa = PBXFileReference; lastKnownFileType = file.storyboard; name = Base; path = Base.lproj/Main.storyboard; sourceTree = "<group>"; };
		22667C6A18D9A4AF00588ACD /* ControllingSource.xcdatamodel */ = {isa = PBXFileReference; lastKnownFileType = wrapper.xcdatamodel; path = ControllingSource.xcdatamodel; sourceTree = "<group>"; };
		22667C6C18D9A4AF00588ACD /* MasterViewController.h */ = {isa = PBXFileReference; lastKnownFileType = sourcecode.c.h; path = MasterViewController.h; sourceTree = "<group>"; };
		22667C6D18D9A4AF00588ACD /* MasterViewController.m */ = {isa = PBXFileReference; lastKnownFileType = sourcecode.c.objc; path = MasterViewController.m; sourceTree = "<group>"; };
		22667C6F18D9A4AF00588ACD /* DetailViewController.h */ = {isa = PBXFileReference; lastKnownFileType = sourcecode.c.h; path = DetailViewController.h; sourceTree = "<group>"; };
		22667C7018D9A4AF00588ACD /* DetailViewController.m */ = {isa = PBXFileReference; lastKnownFileType = sourcecode.c.objc; path = DetailViewController.m; sourceTree = "<group>"; };
		22667C7218D9A4AF00588ACD /* Images.xcassets */ = {isa = PBXFileReference; lastKnownFileType = folder.assetcatalog; path = Images.xcassets; sourceTree = "<group>"; };
		22667C7818D9A4AF00588ACD /* ControllingSourceTests.xctest */ = {isa = PBXFileReference; explicitFileType = wrapper.cfbundle; includeInIndex = 0; path = ControllingSourceTests.xctest; sourceTree = BUILT_PRODUCTS_DIR; };
		22667C7918D9A4AF00588ACD /* XCTest.framework */ = {isa = PBXFileReference; lastKnownFileType = wrapper.framework; name = XCTest.framework; path = Library/Frameworks/XCTest.framework; sourceTree = DEVELOPER_DIR; };
		22667C8218D9A4AF00588ACD /* ControllingSourceTests-Info.plist */ = {isa = PBXFileReference; lastKnownFileType = text.plist.xml; path = "ControllingSourceTests-Info.plist"; sourceTree = "<group>"; };
		22667C8418D9A4AF00588ACD /* en */ = {isa = PBXFileReference; lastKnownFileType = text.plist.strings; name = en; path = en.lproj/InfoPlist.strings; sourceTree = "<group>"; };
		22667C8618D9A4AF00588ACD /* ControllingSourceTests.m */ = {isa = PBXFileReference; lastKnownFileType = sourcecode.c.objc; path = ControllingSourceTests.m; sourceTree = "<group>"; };
/* End PBXFileReference section */

/* Begin PBXFrameworksBuildPhase section */
		22667C4C18D9A4AF00588ACD /* Frameworks */ = {
			isa = PBXFrameworksBuildPhase;
			buildActionMask = 2147483647;
			files = (
				22667C5518D9A4AF00588ACD /* CoreGraphics.framework in Frameworks */,
				22667C5918D9A4AF00588ACD /* CoreData.framework in Frameworks */,
				22667C5718D9A4AF00588ACD /* UIKit.framework in Frameworks */,
				22667C5318D9A4AF00588ACD /* Foundation.framework in Frameworks */,
			);
			runOnlyForDeploymentPostprocessing = 0;
		};
		22667C7518D9A4AF00588ACD /* Frameworks */ = {
			isa = PBXFrameworksBuildPhase;
			buildActionMask = 2147483647;
			files = (
				22667C7A18D9A4AF00588ACD /* XCTest.framework in Frameworks */,
				22667C7D18D9A4AF00588ACD /* CoreData.framework in Frameworks */,
				22667C7C18D9A4AF00588ACD /* UIKit.framework in Frameworks */,
				22667C7B18D9A4AF00588ACD /* Foundation.framework in Frameworks */,
			);
			runOnlyForDeploymentPostprocessing = 0;
		};
/* End PBXFrameworksBuildPhase section */

/* Begin PBXGroup section */
		22667C4618D9A4AF00588ACD = {
			isa = PBXGroup;
			children = (
				22667C5A18D9A4AF00588ACD /* ControllingSource */,
				22667C8018D9A4AF00588ACD /* ControllingSourceTests */,
				22667C5118D9A4AF00588ACD /* Frameworks */,
				22667C5018D9A4AF00588ACD /* Products */,
			);
			sourceTree = "<group>";
		};
		22667C5018D9A4AF00588ACD /* Products */ = {
			isa = PBXGroup;
			children = (
				22667C4F18D9A4AF00588ACD /* ControllingSource.app */,
				22667C7818D9A4AF00588ACD /* ControllingSourceTests.xctest */,
			);
			name = Products;
			sourceTree = "<group>";
		};
		22667C5118D9A4AF00588ACD /* Frameworks */ = {
			isa = PBXGroup;
			children = (
				22667C5218D9A4AF00588ACD /* Foundation.framework */,
				22667C5418D9A4AF00588ACD /* CoreGraphics.framework */,
				22667C5618D9A4AF00588ACD /* UIKit.framework */,
				22667C5818D9A4AF00588ACD /* CoreData.framework */,
				22667C7918D9A4AF00588ACD /* XCTest.framework */,
			);
			name = Frameworks;
			sourceTree = "<group>";
		};
		22667C5A18D9A4AF00588ACD /* ControllingSource */ = {
			isa = PBXGroup;
			children = (
				22667C6318D9A4AF00588ACD /* AppDelegate.h */,
				22667C6418D9A4AF00588ACD /* AppDelegate.m */,
				2298BF0A18D9B1400061D059 /* View Controllers */,
				2298BF0B18D9B1B30061D059 /* Layout Resouces */,
				22667C5B18D9A4AF00588ACD /* Supporting Files */,
			);
			path = ControllingSource;
			sourceTree = "<group>";
		};
		22667C5B18D9A4AF00588ACD /* Supporting Files */ = {
			isa = PBXGroup;
			children = (
				22667C5C18D9A4AF00588ACD /* ControllingSource-Info.plist */,
				22667C5D18D9A4AF00588ACD /* InfoPlist.strings */,
				22667C6018D9A4AF00588ACD /* main.m */,
				22667C6218D9A4AF00588ACD /* ControllingSource-Prefix.pch */,
			);
			name = "Supporting Files";
			sourceTree = "<group>";
		};
		22667C8018D9A4AF00588ACD /* ControllingSourceTests */ = {
			isa = PBXGroup;
			children = (
				22667C8618D9A4AF00588ACD /* ControllingSourceTests.m */,
				22667C8118D9A4AF00588ACD /* Supporting Files */,
			);
			path = ControllingSourceTests;
			sourceTree = "<group>";
		};
		22667C8118D9A4AF00588ACD /* Supporting Files */ = {
			isa = PBXGroup;
			children = (
				22667C8218D9A4AF00588ACD /* ControllingSourceTests-Info.plist */,
				22667C8318D9A4AF00588ACD /* InfoPlist.strings */,
			);
			name = "Supporting Files";
			sourceTree = "<group>";
		};
		2298BF0A18D9B1400061D059 /* View Controllers */ = {
			isa = PBXGroup;
			children = (
				22667C6C18D9A4AF00588ACD /* MasterViewController.h */,
				22667C6D18D9A4AF00588ACD /* MasterViewController.m */,
				22667C6F18D9A4AF00588ACD /* DetailViewController.h */,
				22667C7018D9A4AF00588ACD /* DetailViewController.m */,
			);
			name = "View Controllers";
			sourceTree = "<group>";
		};
		2298BF0B18D9B1B30061D059 /* Layout Resouces */ = {
			isa = PBXGroup;
			children = (
				22667C7218D9A4AF00588ACD /* Images.xcassets */,
				22667C6918D9A4AF00588ACD /* ControllingSource.xcdatamodeld */,
				22667C6618D9A4AF00588ACD /* Main.storyboard */,
			);
			name = "Layout Resouces";
			sourceTree = "<group>";
		};
/* End PBXGroup section */

/* Begin PBXNativeTarget section */
		22667C4E18D9A4AF00588ACD /* ControllingSource */ = {
			isa = PBXNativeTarget;
			buildConfigurationList = 22667C8A18D9A4AF00588ACD /* Build configuration list for PBXNativeTarget "ControllingSource" */;
			buildPhases = (
				22667C4B18D9A4AF00588ACD /* Sources */,
				22667C4C18D9A4AF00588ACD /* Frameworks */,
				22667C4D18D9A4AF00588ACD /* Resources */,
			);
			buildRules = (
			);
			dependencies = (
			);
			name = ControllingSource;
			productName = ControllingSource;
			productReference = 22667C4F18D9A4AF00588ACD /* ControllingSource.app */;
			productType = "com.apple.product-type.application";
		};
		22667C7718D9A4AF00588ACD /* ControllingSourceTests */ = {
			isa = PBXNativeTarget;
			buildConfigurationList = 22667C8D18D9A4AF00588ACD /* Build configuration list for PBXNativeTarget "ControllingSourceTests" */;
			buildPhases = (
				22667C7418D9A4AF00588ACD /* Sources */,
				22667C7518D9A4AF00588ACD /* Frameworks */,
				22667C7618D9A4AF00588ACD /* Resources */,
			);
			buildRules = (
			);
			dependencies = (
				22667C7F18D9A4AF00588ACD /* PBXTargetDependency */,
			);
			name = ControllingSourceTests;
			productName = ControllingSourceTests;
			productReference = 22667C7818D9A4AF00588ACD /* ControllingSourceTests.xctest */;
			productType = "com.apple.product-type.bundle.unit-test";
		};
/* End PBXNativeTarget section */

/* Begin PBXProject section */
		22667C4718D9A4AF00588ACD /* Project object */ = {
			isa = PBXProject;
			attributes = {
				LastUpgradeCheck = 0510;
				ORGANIZATIONNAME = "Beyond 2021";
				TargetAttributes = {
					22667C7718D9A4AF00588ACD = {
						TestTargetID = 22667C4E18D9A4AF00588ACD;
					};
				};
			};
			buildConfigurationList = 22667C4A18D9A4AF00588ACD /* Build configuration list for PBXProject "ControllingSource" */;
			compatibilityVersion = "Xcode 3.2";
			developmentRegion = English;
			hasScannedForEncodings = 0;
			knownRegions = (
				en,
				Base,
			);
			mainGroup = 22667C4618D9A4AF00588ACD;
			productRefGroup = 22667C5018D9A4AF00588ACD /* Products */;
			projectDirPath = "";
			projectRoot = "";
			targets = (
				22667C4E18D9A4AF00588ACD /* ControllingSource */,
				22667C7718D9A4AF00588ACD /* ControllingSourceTests */,
			);
		};
/* End PBXProject section */

/* Begin PBXResourcesBuildPhase section */
		22667C4D18D9A4AF00588ACD /* Resources */ = {
			isa = PBXResourcesBuildPhase;
			buildActionMask = 2147483647;
			files = (
				22667C7318D9A4AF00588ACD /* Images.xcassets in Resources */,
				22667C5F18D9A4AF00588ACD /* InfoPlist.strings in Resources */,
				22667C6818D9A4AF00588ACD /* Main.storyboard in Resources */,
			);
			runOnlyForDeploymentPostprocessing = 0;
		};
		22667C7618D9A4AF00588ACD /* Resources */ = {
			isa = PBXResourcesBuildPhase;
			buildActionMask = 2147483647;
			files = (
				22667C8518D9A4AF00588ACD /* InfoPlist.strings in Resources */,
			);
			runOnlyForDeploymentPostprocessing = 0;
		};
/* End PBXResourcesBuildPhase section */

/* Begin PBXSourcesBuildPhase section */
		22667C4B18D9A4AF00588ACD /* Sources */ = {
			isa = PBXSourcesBuildPhase;
			buildActionMask = 2147483647;
			files = (
				22667C7118D9A4AF00588ACD /* DetailViewController.m in Sources */,
				22667C6E18D9A4AF00588ACD /* MasterViewController.m in Sources */,
				22667C6B18D9A4AF00588ACD /* ControllingSource.xcdatamodeld in Sources */,
				22667C6518D9A4AF00588ACD /* AppDelegate.m in Sources */,
				22667C6118D9A4AF00588ACD /* main.m in Sources */,
			);
			runOnlyForDeploymentPostprocessing = 0;
		};
		22667C7418D9A4AF00588ACD /* Sources */ = {
			isa = PBXSourcesBuildPhase;
			buildActionMask = 2147483647;
			files = (
				22667C8718D9A4AF00588ACD /* ControllingSourceTests.m in Sources */,
			);
			runOnlyForDeploymentPostprocessing = 0;
		};
/* End PBXSourcesBuildPhase section */

/* Begin PBXTargetDependency section */
		22667C7F18D9A4AF00588ACD /* PBXTargetDependency */ = {
			isa = PBXTargetDependency;
			target = 22667C4E18D9A4AF00588ACD /* ControllingSource */;
			targetProxy = 22667C7E18D9A4AF00588ACD /* PBXContainerItemProxy */;
		};
/* End PBXTargetDependency section */

/* Begin PBXVariantGroup section */
		22667C5D18D9A4AF00588ACD /* InfoPlist.strings */ = {
			isa = PBXVariantGroup;
			children = (
				22667C5E18D9A4AF00588ACD /* en */,
			);
			name = InfoPlist.strings;
			sourceTree = "<group>";
		};
		22667C6618D9A4AF00588ACD /* Main.storyboard */ = {
			isa = PBXVariantGroup;
			children = (
				22667C6718D9A4AF00588ACD /* Base */,
			);
			name = Main.storyboard;
			sourceTree = "<group>";
		};
		22667C8318D9A4AF00588ACD /* InfoPlist.strings */ = {
			isa = PBXVariantGroup;
			children = (
				22667C8418D9A4AF00588ACD /* en */,
			);
			name = InfoPlist.strings;
			sourceTree = "<group>";
		};
/* End PBXVariantGroup section */

/* Begin XCBuildConfiguration section */
		22667C8818D9A4AF00588ACD /* Debug */ = {
			isa = XCBuildConfiguration;
			buildSettings = {
				ALWAYS_SEARCH_USER_PATHS = NO;
				CLANG_CXX_LANGUAGE_STANDARD = "gnu++0x";
				CLANG_CXX_LIBRARY = "libc++";
				CLANG_ENABLE_MODULES = YES;
				CLANG_ENABLE_OBJC_ARC = YES;
				CLANG_WARN_BOOL_CONVERSION = YES;
				CLANG_WARN_CONSTANT_CONVERSION = YES;
				CLANG_WARN_DIRECT_OBJC_ISA_USAGE = YES_ERROR;
				CLANG_WARN_EMPTY_BODY = YES;
				CLANG_WARN_ENUM_CONVERSION = YES;
				CLANG_WARN_INT_CONVERSION = YES;
				CLANG_WARN_OBJC_ROOT_CLASS = YES_ERROR;
				CLANG_WARN__DUPLICATE_METHOD_MATCH = YES;
				"CODE_SIGN_IDENTITY[sdk=iphoneos*]" = "iPhone Developer";
				COPY_PHASE_STRIP = NO;
				GCC_C_LANGUAGE_STANDARD = gnu99;
				GCC_DYNAMIC_NO_PIC = NO;
				GCC_OPTIMIZATION_LEVEL = 0;
				GCC_PREPROCESSOR_DEFINITIONS = (
					"DEBUG=1",
					"$(inherited)",
				);
				GCC_SYMBOLS_PRIVATE_EXTERN = NO;
				GCC_WARN_64_TO_32_BIT_CONVERSION = YES;
				GCC_WARN_ABOUT_RETURN_TYPE = YES_ERROR;
				GCC_WARN_UNDECLARED_SELECTOR = YES;
				GCC_WARN_UNINITIALIZED_AUTOS = YES_AGGRESSIVE;
				GCC_WARN_UNUSED_FUNCTION = YES;
				GCC_WARN_UNUSED_VARIABLE = YES;
				IPHONEOS_DEPLOYMENT_TARGET = 7.1;
				ONLY_ACTIVE_ARCH = YES;
				SDKROOT = iphoneos;
			};
			name = Debug;
		};
		22667C8918D9A4AF00588ACD /* Release */ = {
			isa = XCBuildConfiguration;
			buildSettings = {
				ALWAYS_SEARCH_USER_PATHS = NO;
				CLANG_CXX_LANGUAGE_STANDARD = "gnu++0x";
				CLANG_CXX_LIBRARY = "libc++";
				CLANG_ENABLE_MODULES = YES;
				CLANG_ENABLE_OBJC_ARC = YES;
				CLANG_WARN_BOOL_CONVERSION = YES;
				CLANG_WARN_CONSTANT_CONVERSION = YES;
				CLANG_WARN_DIRECT_OBJC_ISA_USAGE = YES_ERROR;
				CLANG_WARN_EMPTY_BODY = YES;
				CLANG_WARN_ENUM_CONVERSION = YES;
				CLANG_WARN_INT_CONVERSION = YES;
				CLANG_WARN_OBJC_ROOT_CLASS = YES_ERROR;
				CLANG_WARN__DUPLICATE_METHOD_MATCH = YES;
				"CODE_SIGN_IDENTITY[sdk=iphoneos*]" = "iPhone Developer";
				COPY_PHASE_STRIP = YES;
				ENABLE_NS_ASSERTIONS = NO;
				GCC_C_LANGUAGE_STANDARD = gnu99;
				GCC_WARN_64_TO_32_BIT_CONVERSION = YES;
				GCC_WARN_ABOUT_RETURN_TYPE = YES_ERROR;
				GCC_WARN_UNDECLARED_SELECTOR = YES;
				GCC_WARN_UNINITIALIZED_AUTOS = YES_AGGRESSIVE;
				GCC_WARN_UNUSED_FUNCTION = YES;
				GCC_WARN_UNUSED_VARIABLE = YES;
				IPHONEOS_DEPLOYMENT_TARGET = 7.1;
				SDKROOT = iphoneos;
				VALIDATE_PRODUCT = YES;
			};
			name = Release;
		};
		22667C8B18D9A4AF00588ACD /* Debug */ = {
			isa = XCBuildConfiguration;
			buildSettings = {
				ASSETCATALOG_COMPILER_APPICON_NAME = AppIcon;
				ASSETCATALOG_COMPILER_LAUNCHIMAGE_NAME = LaunchImage;
				GCC_PRECOMPILE_PREFIX_HEADER = YES;
				GCC_PREFIX_HEADER = "ControllingSource/ControllingSource-Prefix.pch";
				INFOPLIST_FILE = "ControllingSource/ControllingSource-Info.plist";
				PRODUCT_NAME = "$(TARGET_NAME)";
				WRAPPER_EXTENSION = app;
			};
			name = Debug;
		};
		22667C8C18D9A4AF00588ACD /* Release */ = {
			isa = XCBuildConfiguration;
			buildSettings = {
				ASSETCATALOG_COMPILER_APPICON_NAME = AppIcon;
				ASSETCATALOG_COMPILER_LAUNCHIMAGE_NAME = LaunchImage;
				GCC_PRECOMPILE_PREFIX_HEADER = YES;
				GCC_PREFIX_HEADER = "ControllingSource/ControllingSource-Prefix.pch";
				INFOPLIST_FILE = "ControllingSource/ControllingSource-Info.plist";
				PRODUCT_NAME = "$(TARGET_NAME)";
				WRAPPER_EXTENSION = app;
			};
			name = Release;
		};
		22667C8E18D9A4AF00588ACD /* Debug */ = {
			isa = XCBuildConfiguration;
			buildSettings = {
				BUNDLE_LOADER = "$(BUILT_PRODUCTS_DIR)/ControllingSource.app/ControllingSource";
				FRAMEWORK_SEARCH_PATHS = (
					"$(SDKROOT)/Developer/Library/Frameworks",
					"$(inherited)",
					"$(DEVELOPER_FRAMEWORKS_DIR)",
				);
				GCC_PRECOMPILE_PREFIX_HEADER = YES;
				GCC_PREFIX_HEADER = "ControllingSource/ControllingSource-Prefix.pch";
				GCC_PREPROCESSOR_DEFINITIONS = (
					"DEBUG=1",
					"$(inherited)",
				);
				INFOPLIST_FILE = "ControllingSourceTests/ControllingSourceTests-Info.plist";
				PRODUCT_NAME = "$(TARGET_NAME)";
				TEST_HOST = "$(BUNDLE_LOADER)";
				WRAPPER_EXTENSION = xctest;
			};
			name = Debug;
		};
		22667C8F18D9A4AF00588ACD /* Release */ = {
			isa = XCBuildConfiguration;
			buildSettings = {
				BUNDLE_LOADER = "$(BUILT_PRODUCTS_DIR)/ControllingSource.app/ControllingSource";
				FRAMEWORK_SEARCH_PATHS = (
					"$(SDKROOT)/Developer/Library/Frameworks",
					"$(inherited)",
					"$(DEVELOPER_FRAMEWORKS_DIR)",
				);
				GCC_PRECOMPILE_PREFIX_HEADER = YES;
				GCC_PREFIX_HEADER = "ControllingSource/ControllingSource-Prefix.pch";
				INFOPLIST_FILE = "ControllingSourceTests/ControllingSourceTests-Info.plist";
				PRODUCT_NAME = "$(TARGET_NAME)";
				TEST_HOST = "$(BUNDLE_LOADER)";
				WRAPPER_EXTENSION = xctest;
			};
			name = Release;
		};
/* End XCBuildConfiguration section */

/* Begin XCConfigurationList section */
		22667C4A18D9A4AF00588ACD /* Build configuration list for PBXProject "ControllingSource" */ = {
			isa = XCConfigurationList;
			buildConfigurations = (
				22667C8818D9A4AF00588ACD /* Debug */,
				22667C8918D9A4AF00588ACD /* Release */,
			);
			defaultConfigurationIsVisible = 0;
			defaultConfigurationName = Release;
		};
		22667C8A18D9A4AF00588ACD /* Build configuration list for PBXNativeTarget "ControllingSource" */ = {
			isa = XCConfigurationList;
			buildConfigurations = (
				22667C8B18D9A4AF00588ACD /* Debug */,
				22667C8C18D9A4AF00588ACD /* Release */,
			);
			defaultConfigurationIsVisible = 0;
			defaultConfigurationName = Release;
		};
		22667C8D18D9A4AF00588ACD /* Build configuration list for PBXNativeTarget "ControllingSourceTests" */ = {
			isa = XCConfigurationList;
			buildConfigurations = (
				22667C8E18D9A4AF00588ACD /* Debug */,
				22667C8F18D9A4AF00588ACD /* Release */,
			);
			defaultConfigurationIsVisible = 0;
			defaultConfigurationName = Release;
		};
/* End XCConfigurationList section */

/* Begin XCVersionGroup section */
		22667C6918D9A4AF00588ACD /* ControllingSource.xcdatamodeld */ = {
			isa = XCVersionGroup;
			children = (
				22667C6A18D9A4AF00588ACD /* ControllingSource.xcdatamodel */,
			);
			currentVersion = 22667C6A18D9A4AF00588ACD /* ControllingSource.xcdatamodel */;
			path = ControllingSource.xcdatamodeld;
			sourceTree = "<group>";
			versionGroupType = wrapper.xcdatamodel;
		};
/* End XCVersionGroup section */
	};
	rootObject = 22667C4718D9A4AF00588ACD /* Project object */;
}
